// !$*UTF8*$!
{
	archiveVersion = 1;
	classes = {
	};
	objectVersion = 46;
	objects = {

/* Begin PBXBuildFile section */
		D214B086218757D600866CCE /* AppDelegate.swift in Sources */ = {isa = PBXBuildFile; fileRef = D214B085218757D600866CCE /* AppDelegate.swift */; };
		D214B088218757D600866CCE /* ViewController.swift in Sources */ = {isa = PBXBuildFile; fileRef = D214B087218757D600866CCE /* ViewController.swift */; };
		D214B08B218757D600866CCE /* Main.storyboard in Resources */ = {isa = PBXBuildFile; fileRef = D214B089218757D600866CCE /* Main.storyboard */; };
		D214B08D218757D600866CCE /* Assets.xcassets in Resources */ = {isa = PBXBuildFile; fileRef = D214B08C218757D600866CCE /* Assets.xcassets */; };
		D214B090218757D600866CCE /* LaunchScreen.storyboard in Resources */ = {isa = PBXBuildFile; fileRef = D214B08E218757D600866CCE /* LaunchScreen.storyboard */; };
		D214B09B218757D600866CCE /* girl_core_animationTests.swift in Sources */ = {isa = PBXBuildFile; fileRef = D214B09A218757D600866CCE /* girl_core_animationTests.swift */; };
		D214B0A6218757D600866CCE /* girl_core_animationUITests.swift in Sources */ = {isa = PBXBuildFile; fileRef = D214B0A5218757D600866CCE /* girl_core_animationUITests.swift */; };
		D214B0B4218757ED00866CCE /* balloon.jpg in Resources */ = {isa = PBXBuildFile; fileRef = D214B0B3218757ED00866CCE /* balloon.jpg */; };
		D214B0B62187580700866CCE /* walking1.png in Resources */ = {isa = PBXBuildFile; fileRef = D214B0B52187580700866CCE /* walking1.png */; };
		D214B0C32187581F00866CCE /* walking2.png in Resources */ = {isa = PBXBuildFile; fileRef = D214B0B72187581F00866CCE /* walking2.png */; };
		D214B0C42187581F00866CCE /* walking3.png in Resources */ = {isa = PBXBuildFile; fileRef = D214B0B82187581F00866CCE /* walking3.png */; };
		D214B0C52187581F00866CCE /* walking4.png in Resources */ = {isa = PBXBuildFile; fileRef = D214B0B92187581F00866CCE /* walking4.png */; };
		D214B0C62187581F00866CCE /* walking5.png in Resources */ = {isa = PBXBuildFile; fileRef = D214B0BA2187581F00866CCE /* walking5.png */; };
		D214B0C72187581F00866CCE /* walking6.png in Resources */ = {isa = PBXBuildFile; fileRef = D214B0BB2187581F00866CCE /* walking6.png */; };
		D214B0C82187581F00866CCE /* walking7.png in Resources */ = {isa = PBXBuildFile; fileRef = D214B0BC2187581F00866CCE /* walking7.png */; };
		D214B0C92187581F00866CCE /* walking8.png in Resources */ = {isa = PBXBuildFile; fileRef = D214B0BD2187581F00866CCE /* walking8.png */; };
		D214B0CA2187581F00866CCE /* walking9.png in Resources */ = {isa = PBXBuildFile; fileRef = D214B0BE2187581F00866CCE /* walking9.png */; };
		D214B0CB2187581F00866CCE /* walking10.png in Resources */ = {isa = PBXBuildFile; fileRef = D214B0BF2187581F00866CCE /* walking10.png */; };
		D214B0CC2187581F00866CCE /* walking11.png in Resources */ = {isa = PBXBuildFile; fileRef = D214B0C02187581F00866CCE /* walking11.png */; };
		D214B0CD2187581F00866CCE /* walking12.png in Resources */ = {isa = PBXBuildFile; fileRef = D214B0C12187581F00866CCE /* walking12.png */; };
		D214B0CE2187581F00866CCE /* walking13.png in Resources */ = {isa = PBXBuildFile; fileRef = D214B0C22187581F00866CCE /* walking13.png */; };
		D214B0D02187586900866CCE /* sun.jpg in Resources */ = {isa = PBXBuildFile; fileRef = D214B0CF2187586900866CCE /* sun.jpg */; };
/* End PBXBuildFile section */

/* Begin PBXContainerItemProxy section */
		D214B097218757D600866CCE /* PBXContainerItemProxy */ = {
			isa = PBXContainerItemProxy;
			containerPortal = D214B07A218757D600866CCE /* Project object */;
			proxyType = 1;
			remoteGlobalIDString = D214B081218757D600866CCE;
			remoteInfo = "girl core animation";
		};
		D214B0A2218757D600866CCE /* PBXContainerItemProxy */ = {
			isa = PBXContainerItemProxy;
			containerPortal = D214B07A218757D600866CCE /* Project object */;
			proxyType = 1;
			remoteGlobalIDString = D214B081218757D600866CCE;
			remoteInfo = "girl core animation";
		};
/* End PBXContainerItemProxy section */

/* Begin PBXFileReference section */
		D214B082218757D600866CCE /* girl core animation.app */ = {isa = PBXFileReference; explicitFileType = wrapper.application; includeInIndex = 0; path = "girl core animation.app"; sourceTree = BUILT_PRODUCTS_DIR; };
		D214B085218757D600866CCE /* AppDelegate.swift */ = {isa = PBXFileReference; lastKnownFileType = sourcecode.swift; path = AppDelegate.swift; sourceTree = "<group>"; };
		D214B087218757D600866CCE /* ViewController.swift */ = {isa = PBXFileReference; lastKnownFileType = sourcecode.swift; path = ViewController.swift; sourceTree = "<group>"; };
		D214B08A218757D600866CCE /* Base */ = {isa = PBXFileReference; lastKnownFileType = file.storyboard; name = Base; path = Base.lproj/Main.storyboard; sourceTree = "<group>"; };
		D214B08C218757D600866CCE /* Assets.xcassets */ = {isa = PBXFileReference; lastKnownFileType = folder.assetcatalog; path = Assets.xcassets; sourceTree = "<group>"; };
		D214B08F218757D600866CCE /* Base */ = {isa = PBXFileReference; lastKnownFileType = file.storyboard; name = Base; path = Base.lproj/LaunchScreen.storyboard; sourceTree = "<group>"; };
		D214B091218757D600866CCE /* Info.plist */ = {isa = PBXFileReference; lastKnownFileType = text.plist.xml; path = Info.plist; sourceTree = "<group>"; };
		D214B096218757D600866CCE /* girl core animationTests.xctest */ = {isa = PBXFileReference; explicitFileType = wrapper.cfbundle; includeInIndex = 0; path = "girl core animationTests.xctest"; sourceTree = BUILT_PRODUCTS_DIR; };
		D214B09A218757D600866CCE /* girl_core_animationTests.swift */ = {isa = PBXFileReference; lastKnownFileType = sourcecode.swift; path = girl_core_animationTests.swift; sourceTree = "<group>"; };
		D214B09C218757D600866CCE /* Info.plist */ = {isa = PBXFileReference; lastKnownFileType = text.plist.xml; path = Info.plist; sourceTree = "<group>"; };
		D214B0A1218757D600866CCE /* girl core animationUITests.xctest */ = {isa = PBXFileReference; explicitFileType = wrapper.cfbundle; includeInIndex = 0; path = "girl core animationUITests.xctest"; sourceTree = BUILT_PRODUCTS_DIR; };
		D214B0A5218757D600866CCE /* girl_core_animationUITests.swift */ = {isa = PBXFileReference; lastKnownFileType = sourcecode.swift; path = girl_core_animationUITests.swift; sourceTree = "<group>"; };
		D214B0A7218757D600866CCE /* Info.plist */ = {isa = PBXFileReference; lastKnownFileType = text.plist.xml; path = Info.plist; sourceTree = "<group>"; };
		D214B0B3218757ED00866CCE /* balloon.jpg */ = {isa = PBXFileReference; lastKnownFileType = image.jpeg; name = balloon.jpg; path = ../../../Downloads/images/balloon.jpg; sourceTree = "<group>"; };
		D214B0B52187580700866CCE /* walking1.png */ = {isa = PBXFileReference; lastKnownFileType = image.png; name = walking1.png; path = ../../../Downloads/images/walking1.png; sourceTree = "<group>"; };
		D214B0B72187581F00866CCE /* walking2.png */ = {isa = PBXFileReference; lastKnownFileType = image.png; name = walking2.png; path = ../../../Downloads/images/walking2.png; sourceTree = "<group>"; };
		D214B0B82187581F00866CCE /* walking3.png */ = {isa = PBXFileReference; lastKnownFileType = image.png; name = walking3.png; path = ../../../Downloads/images/walking3.png; sourceTree = "<group>"; };
		D214B0B92187581F00866CCE /* walking4.png */ = {isa = PBXFileReference; lastKnownFileType = image.png; name = walking4.png; path = ../../../Downloads/images/walking4.png; sourceTree = "<group>"; };
		D214B0BA2187581F00866CCE /* walking5.png */ = {isa = PBXFileReference; lastKnownFileType = image.png; name = walking5.png; path = ../../../Downloads/images/walking5.png; sourceTree = "<group>"; };
		D214B0BB2187581F00866CCE /* walking6.png */ = {isa = PBXFileReference; lastKnownFileType = image.png; name = walking6.png; path = ../../../Downloads/images/walking6.png; sourceTree = "<group>"; };
		D214B0BC2187581F00866CCE /* walking7.png */ = {isa = PBXFileReference; lastKnownFileType = image.png; name = walking7.png; path = ../../../Downloads/images/walking7.png; sourceTree = "<group>"; };
		D214B0BD2187581F00866CCE /* walking8.png */ = {isa = PBXFileReference; lastKnownFileType = image.png; name = walking8.png; path = ../../../Downloads/images/walking8.png; sourceTree = "<group>"; };
		D214B0BE2187581F00866CCE /* walking9.png */ = {isa = PBXFileReference; lastKnownFileType = image.png; name = walking9.png; path = ../../../Downloads/images/walking9.png; sourceTree = "<group>"; };
		D214B0BF2187581F00866CCE /* walking10.png */ = {isa = PBXFileReference; lastKnownFileType = image.png; name = walking10.png; path = ../../../Downloads/images/walking10.png; sourceTree = "<group>"; };
		D214B0C02187581F00866CCE /* walking11.png */ = {isa = PBXFileReference; lastKnownFileType = image.png; name = walking11.png; path = ../../../Downloads/images/walking11.png; sourceTree = "<group>"; };
		D214B0C12187581F00866CCE /* walking12.png */ = {isa = PBXFileReference; lastKnownFileType = image.png; name = walking12.png; path = ../../../Downloads/images/walking12.png; sourceTree = "<group>"; };
		D214B0C22187581F00866CCE /* walking13.png */ = {isa = PBXFileReference; lastKnownFileType = image.png; name = walking13.png; path = ../../../Downloads/images/walking13.png; sourceTree = "<group>"; };
		D214B0CF2187586900866CCE /* sun.jpg */ = {isa = PBXFileReference; lastKnownFileType = image.jpeg; name = sun.jpg; path = ../../../Downloads/images/sun.jpg; sourceTree = "<group>"; };
/* End PBXFileReference section */

/* Begin PBXFrameworksBuildPhase section */
		D214B07F218757D600866CCE /* Frameworks */ = {
			isa = PBXFrameworksBuildPhase;
			buildActionMask = 2147483647;
			files = (
			);
			runOnlyForDeploymentPostprocessing = 0;
		};
		D214B093218757D600866CCE /* Frameworks */ = {
			isa = PBXFrameworksBuildPhase;
			buildActionMask = 2147483647;
			files = (
			);
			runOnlyForDeploymentPostprocessing = 0;
		};
		D214B09E218757D600866CCE /* Frameworks */ = {
			isa = PBXFrameworksBuildPhase;
			buildActionMask = 2147483647;
			files = (
			);
			runOnlyForDeploymentPostprocessing = 0;
		};
/* End PBXFrameworksBuildPhase section */

/* Begin PBXGroup section */
		D214B079218757D600866CCE = {
			isa = PBXGroup;
			children = (
				D214B084218757D600866CCE /* girl core animation */,
				D214B099218757D600866CCE /* girl core animationTests */,
				D214B0A4218757D600866CCE /* girl core animationUITests */,
				D214B083218757D600866CCE /* Products */,
			);
			sourceTree = "<group>";
		};
		D214B083218757D600866CCE /* Products */ = {
			isa = PBXGroup;
			children = (
				D214B082218757D600866CCE /* girl core animation.app */,
				D214B096218757D600866CCE /* girl core animationTests.xctest */,
				D214B0A1218757D600866CCE /* girl core animationUITests.xctest */,
			);
			name = Products;
			sourceTree = "<group>";
		};
		D214B084218757D600866CCE /* girl core animation */ = {
			isa = PBXGroup;
			children = (
				D214B085218757D600866CCE /* AppDelegate.swift */,
				D214B087218757D600866CCE /* ViewController.swift */,
				D214B089218757D600866CCE /* Main.storyboard */,
				D214B0CF2187586900866CCE /* sun.jpg */,
				D214B0B52187580700866CCE /* walking1.png */,
				D214B0B72187581F00866CCE /* walking2.png */,
				D214B0B82187581F00866CCE /* walking3.png */,
				D214B0B92187581F00866CCE /* walking4.png */,
				D214B0BA2187581F00866CCE /* walking5.png */,
				D214B0BB2187581F00866CCE /* walking6.png */,
				D214B0BC2187581F00866CCE /* walking7.png */,
				D214B0BD2187581F00866CCE /* walking8.png */,
				D214B0BE2187581F00866CCE /* walking9.png */,
				D214B0BF2187581F00866CCE /* walking10.png */,
				D214B0C02187581F00866CCE /* walking11.png */,
				D214B0C12187581F00866CCE /* walking12.png */,
				D214B0C22187581F00866CCE /* walking13.png */,
				D214B0B3218757ED00866CCE /* balloon.jpg */,
				D214B08C218757D600866CCE /* Assets.xcassets */,
				D214B08E218757D600866CCE /* LaunchScreen.storyboard */,
				D214B091218757D600866CCE /* Info.plist */,
			);
			path = "girl core animation";
			sourceTree = "<group>";
		};
		D214B099218757D600866CCE /* girl core animationTests */ = {
			isa = PBXGroup;
			children = (
				D214B09A218757D600866CCE /* girl_core_animationTests.swift */,
				D214B09C218757D600866CCE /* Info.plist */,
			);
			path = "girl core animationTests";
			sourceTree = "<group>";
		};
		D214B0A4218757D600866CCE /* girl core animationUITests */ = {
			isa = PBXGroup;
			children = (
				D214B0A5218757D600866CCE /* girl_core_animationUITests.swift */,
				D214B0A7218757D600866CCE /* Info.plist */,
			);
			path = "girl core animationUITests";
			sourceTree = "<group>";
		};
/* End PBXGroup section */

/* Begin PBXNativeTarget section */
		D214B081218757D600866CCE /* girl core animation */ = {
			isa = PBXNativeTarget;
			buildConfigurationList = D214B0AA218757D600866CCE /* Build configuration list for PBXNativeTarget "girl core animation" */;
			buildPhases = (
				D214B07E218757D600866CCE /* Sources */,
				D214B07F218757D600866CCE /* Frameworks */,
				D214B080218757D600866CCE /* Resources */,
			);
			buildRules = (
			);
			dependencies = (
			);
			name = "girl core animation";
			productName = "girl core animation";
			productReference = D214B082218757D600866CCE /* girl core animation.app */;
			productType = "com.apple.product-type.application";
		};
		D214B095218757D600866CCE /* girl core animationTests */ = {
			isa = PBXNativeTarget;
			buildConfigurationList = D214B0AD218757D600866CCE /* Build configuration list for PBXNativeTarget "girl core animationTests" */;
			buildPhases = (
				D214B092218757D600866CCE /* Sources */,
				D214B093218757D600866CCE /* Frameworks */,
				D214B094218757D600866CCE /* Resources */,
			);
			buildRules = (
			);
			dependencies = (
				D214B098218757D600866CCE /* PBXTargetDependency */,
			);
			name = "girl core animationTests";
			productName = "girl core animationTests";
			productReference = D214B096218757D600866CCE /* girl core animationTests.xctest */;
			productType = "com.apple.product-type.bundle.unit-test";
		};
		D214B0A0218757D600866CCE /* girl core animationUITests */ = {
			isa = PBXNativeTarget;
			buildConfigurationList = D214B0B0218757D600866CCE /* Build configuration list for PBXNativeTarget "girl core animationUITests" */;
			buildPhases = (
				D214B09D218757D600866CCE /* Sources */,
				D214B09E218757D600866CCE /* Frameworks */,
				D214B09F218757D600866CCE /* Resources */,
			);
			buildRules = (
			);
			dependencies = (
				D214B0A3218757D600866CCE /* PBXTargetDependency */,
			);
			name = "girl core animationUITests";
			productName = "girl core animationUITests";
			productReference = D214B0A1218757D600866CCE /* girl core animationUITests.xctest */;
			productType = "com.apple.product-type.bundle.ui-testing";
		};
/* End PBXNativeTarget section */

/* Begin PBXProject section */
		D214B07A218757D600866CCE /* Project object */ = {
			isa = PBXProject;
			attributes = {
				LastSwiftUpdateCheck = 0830;
				LastUpgradeCheck = 0830;
				ORGANIZATIONNAME = CSStestuser;
				TargetAttributes = {
					D214B081218757D600866CCE = {
						CreatedOnToolsVersion = 8.3.3;
						ProvisioningStyle = Automatic;
					};
					D214B095218757D600866CCE = {
						CreatedOnToolsVersion = 8.3.3;
						ProvisioningStyle = Automatic;
						TestTargetID = D214B081218757D600866CCE;
					};
					D214B0A0218757D600866CCE = {
						CreatedOnToolsVersion = 8.3.3;
						ProvisioningStyle = Automatic;
						TestTargetID = D214B081218757D600866CCE;
					};
				};
			};
			buildConfigurationList = D214B07D218757D600866CCE /* Build configuration list for PBXProject "girl core animation" */;
			compatibilityVersion = "Xcode 3.2";
			developmentRegion = English;
			hasScannedForEncodings = 0;
			knownRegions = (
				en,
				Base,
			);
			mainGroup = D214B079218757D600866CCE;
			productRefGroup = D214B083218757D600866CCE /* Products */;
			projectDirPath = "";
			projectRoot = "";
			targets = (
				D214B081218757D600866CCE /* girl core animation */,
				D214B095218757D600866CCE /* girl core animationTests */,
				D214B0A0218757D600866CCE /* girl core animationUITests */,
			);
		};
/* End PBXProject section */

/* Begin PBXResourcesBuildPhase section */
		D214B080218757D600866CCE /* Resources */ = {
			isa = PBXResourcesBuildPhase;
			buildActionMask = 2147483647;
			files = (
				D214B0D02187586900866CCE /* sun.jpg in Resources */,
				D214B0CD2187581F00866CCE /* walking12.png in Resources */,
				D214B0CB2187581F00866CCE /* walking10.png in Resources */,
				D214B0CE2187581F00866CCE /* walking13.png in Resources */,
				D214B0C72187581F00866CCE /* walking6.png in Resources */,
				D214B0C52187581F00866CCE /* walking4.png in Resources */,
				D214B0B62187580700866CCE /* walking1.png in Resources */,
				D214B0C62187581F00866CCE /* walking5.png in Resources */,
				D214B090218757D600866CCE /* LaunchScreen.storyboard in Resources */,
				D214B0C32187581F00866CCE /* walking2.png in Resources */,
				D214B0C82187581F00866CCE /* walking7.png in Resources */,
				D214B0C42187581F00866CCE /* walking3.png in Resources */,
				D214B0CA2187581F00866CCE /* walking9.png in Resources */,
				D214B0C92187581F00866CCE /* walking8.png in Resources */,
				D214B0B4218757ED00866CCE /* balloon.jpg in Resources */,
				D214B08D218757D600866CCE /* Assets.xcassets in Resources */,
				D214B0CC2187581F00866CCE /* walking11.png in Resources */,
				D214B08B218757D600866CCE /* Main.storyboard in Resources */,
			);
			runOnlyForDeploymentPostprocessing = 0;
		};
		D214B094218757D600866CCE /* Resources */ = {
			isa = PBXResourcesBuildPhase;
			buildActionMask = 2147483647;
			files = (
			);
			runOnlyForDeploymentPostprocessing = 0;
		};
		D214B09F218757D600866CCE /* Resources */ = {
			isa = PBXResourcesBuildPhase;
			buildActionMask = 2147483647;
			files = (
			);
			runOnlyForDeploymentPostprocessing = 0;
		};
/* End PBXResourcesBuildPhase section */

/* Begin PBXSourcesBuildPhase section */
		D214B07E218757D600866CCE /* Sources */ = {
			isa = PBXSourcesBuildPhase;
			buildActionMask = 2147483647;
			files = (
				D214B088218757D600866CCE /* ViewController.swift in Sources */,
				D214B086218757D600866CCE /* AppDelegate.swift in Sources */,
			);
			runOnlyForDeploymentPostprocessing = 0;
		};
		D214B092218757D600866CCE /* Sources */ = {
			isa = PBXSourcesBuildPhase;
			buildActionMask = 2147483647;
			files = (
				D214B09B218757D600866CCE /* girl_core_animationTests.swift in Sources */,
			);
			runOnlyForDeploymentPostprocessing = 0;
		};
		D214B09D218757D600866CCE /* Sources */ = {
			isa = PBXSourcesBuildPhase;
			buildActionMask = 2147483647;
			files = (
				D214B0A6218757D600866CCE /* girl_core_animationUITests.swift in Sources */,
			);
			runOnlyForDeploymentPostprocessing = 0;
		};
/* End PBXSourcesBuildPhase section */

/* Begin PBXTargetDependency section */
		D214B098218757D600866CCE /* PBXTargetDependency */ = {
			isa = PBXTargetDependency;
			target = D214B081218757D600866CCE /* girl core animation */;
			targetProxy = D214B097218757D600866CCE /* PBXContainerItemProxy */;
		};
		D214B0A3218757D600866CCE /* PBXTargetDependency */ = {
			isa = PBXTargetDependency;
			target = D214B081218757D600866CCE /* girl core animation */;
			targetProxy = D214B0A2218757D600866CCE /* PBXContainerItemProxy */;
		};
/* End PBXTargetDependency section */

/* Begin PBXVariantGroup section */
		D214B089218757D600866CCE /* Main.storyboard */ = {
			isa = PBXVariantGroup;
			children = (
				D214B08A218757D600866CCE /* Base */,
			);
			name = Main.storyboard;
			sourceTree = "<group>";
		};
		D214B08E218757D600866CCE /* LaunchScreen.storyboard */ = {
			isa = PBXVariantGroup;
			children = (
				D214B08F218757D600866CCE /* Base */,
			);
			name = LaunchScreen.storyboard;
			sourceTree = "<group>";
		};
/* End PBXVariantGroup section */

/* Begin XCBuildConfiguration section */
		D214B0A8218757D600866CCE /* Debug */ = {
			isa = XCBuildConfiguration;
			buildSettings = {
				ALWAYS_SEARCH_USER_PATHS = NO;
				CLANG_ANALYZER_NONNULL = YES;
				CLANG_ANALYZER_NUMBER_OBJECT_CONVERSION = YES_AGGRESSIVE;
				CLANG_CXX_LANGUAGE_STANDARD = "gnu++0x";
				CLANG_CXX_LIBRARY = "libc++";
				CLANG_ENABLE_MODULES = YES;
				CLANG_ENABLE_OBJC_ARC = YES;
				CLANG_WARN_BOOL_CONVERSION = YES;
				CLANG_WARN_CONSTANT_CONVERSION = YES;
				CLANG_WARN_DIRECT_OBJC_ISA_USAGE = YES_ERROR;
				CLANG_WARN_DOCUMENTATION_COMMENTS = YES;
				CLANG_WARN_EMPTY_BODY = YES;
				CLANG_WARN_ENUM_CONVERSION = YES;
				CLANG_WARN_INFINITE_RECURSION = YES;
				CLANG_WARN_INT_CONVERSION = YES;
				CLANG_WARN_OBJC_ROOT_CLASS = YES_ERROR;
				CLANG_WARN_SUSPICIOUS_MOVE = YES;
				CLANG_WARN_UNREACHABLE_CODE = YES;
				CLANG_WARN__DUPLICATE_METHOD_MATCH = YES;
				"CODE_SIGN_IDENTITY[sdk=iphoneos*]" = "iPhone Developer";
				COPY_PHASE_STRIP = NO;
				DEBUG_INFORMATION_FORMAT = dwarf;
				ENABLE_STRICT_OBJC_MSGSEND = YES;
				ENABLE_TESTABILITY = YES;
				GCC_C_LANGUAGE_STANDARD = gnu99;
				GCC_DYNAMIC_NO_PIC = NO;
				GCC_NO_COMMON_BLOCKS = YES;
				GCC_OPTIMIZATION_LEVEL = 0;
				GCC_PREPROCESSOR_DEFINITIONS = (
					"DEBUG=1",
					"$(inherited)",
				);
				GCC_WARN_64_TO_32_BIT_CONVERSION = YES;
				GCC_WARN_ABOUT_RETURN_TYPE = YES_ERROR;
				GCC_WARN_UNDECLARED_SELECTOR = YES;
				GCC_WARN_UNINITIALIZED_AUTOS = YES_AGGRESSIVE;
				GCC_WARN_UNUSED_FUNCTION = YES;
				GCC_WARN_UNUSED_VARIABLE = YES;
				IPHONEOS_DEPLOYMENT_TARGET = 10.3;
				MTL_ENABLE_DEBUG_INFO = YES;
				ONLY_ACTIVE_ARCH = YES;
				SDKROOT = iphoneos;
				SWIFT_ACTIVE_COMPILATION_CONDITIONS = DEBUG;
				SWIFT_OPTIMIZATION_LEVEL = "-Onone";
			};
			name = Debug;
		};
		D214B0A9218757D600866CCE /* Release */ = {
			isa = XCBuildConfiguration;
			buildSettings = {
				ALWAYS_SEARCH_USER_PATHS = NO;
				CLANG_ANALYZER_NONNULL = YES;
				CLANG_ANALYZER_NUMBER_OBJECT_CONVERSION = YES_AGGRESSIVE;
				CLANG_CXX_LANGUAGE_STANDARD = "gnu++0x";
				CLANG_CXX_LIBRARY = "libc++";
				CLANG_ENABLE_MODULES = YES;
				CLANG_ENABLE_OBJC_ARC = YES;
				CLANG_WARN_BOOL_CONVERSION = YES;
				CLANG_WARN_CONSTANT_CONVERSION = YES;
				CLANG_WARN_DIRECT_OBJC_ISA_USAGE = YES_ERROR;
				CLANG_WARN_DOCUMENTATION_COMMENTS = YES;
				CLANG_WARN_EMPTY_BODY = YES;
				CLANG_WARN_ENUM_CONVERSION = YES;
				CLANG_WARN_INFINITE_RECURSION = YES;
				CLANG_WARN_INT_CONVERSION = YES;
				CLANG_WARN_OBJC_ROOT_CLASS = YES_ERROR;
				CLANG_WARN_SUSPICIOUS_MOVE = YES;
				CLANG_WARN_UNREACHABLE_CODE = YES;
				CLANG_WARN__DUPLICATE_METHOD_MATCH = YES;
				"CODE_SIGN_IDENTITY[sdk=iphoneos*]" = "iPhone Developer";
				COPY_PHASE_STRIP = NO;
				DEBUG_INFORMATION_FORMAT = "dwarf-with-dsym";
				ENABLE_NS_ASSERTIONS = NO;
				ENABLE_STRICT_OBJC_MSGSEND = YES;
				GCC_C_LANGUAGE_STANDARD = gnu99;
				GCC_NO_COMMON_BLOCKS = YES;
				GCC_WARN_64_TO_32_BIT_CONVERSION = YES;
				GCC_WARN_ABOUT_RETURN_TYPE = YES_ERROR;
				GCC_WARN_UNDECLARED_SELECTOR = YES;
				GCC_WARN_UNINITIALIZED_AUTOS = YES_AGGRESSIVE;
				GCC_WARN_UNUSED_FUNCTION = YES;
				GCC_WARN_UNUSED_VARIABLE = YES;
				IPHONEOS_DEPLOYMENT_TARGET = 10.3;
				MTL_ENABLE_DEBUG_INFO = NO;
				SDKROOT = iphoneos;
				SWIFT_OPTIMIZATION_LEVEL = "-Owholemodule";
				VALIDATE_PRODUCT = YES;
			};
			name = Release;
		};
		D214B0AB218757D600866CCE /* Debug */ = {
			isa = XCBuildConfiguration;
			buildSettings = {
				ASSETCATALOG_COMPILER_APPICON_NAME = AppIcon;
				INFOPLIST_FILE = "girl core animation/Info.plist";
				LD_RUNPATH_SEARCH_PATHS = "$(inherited) @executable_path/Frameworks";
				PRODUCT_BUNDLE_IDENTIFIER = "com.test.girl-core-animation";
				PRODUCT_NAME = "$(TARGET_NAME)";
				SWIFT_VERSION = 3.0;
			};
			name = Debug;
		};
		D214B0AC218757D600866CCE /* Release */ = {
			isa = XCBuildConfiguration;
			buildSettings = {
				ASSETCATALOG_COMPILER_APPICON_NAME = AppIcon;
				INFOPLIST_FILE = "girl core animation/Info.plist";
				LD_RUNPATH_SEARCH_PATHS = "$(inherited) @executable_path/Frameworks";
				PRODUCT_BUNDLE_IDENTIFIER = "com.test.girl-core-animation";
				PRODUCT_NAME = "$(TARGET_NAME)";
				SWIFT_VERSION = 3.0;
			};
			name = Release;
		};
		D214B0AE218757D600866CCE /* Debug */ = {
			isa = XCBuildConfiguration;
			buildSettings = {
				ALWAYS_EMBED_SWIFT_STANDARD_LIBRARIES = YES;
				BUNDLE_LOADER = "$(TEST_HOST)";
				INFOPLIST_FILE = "girl core animationTests/Info.plist";
				LD_RUNPATH_SEARCH_PATHS = "$(inherited) @executable_path/Frameworks @loader_path/Frameworks";
				PRODUCT_BUNDLE_IDENTIFIER = "com.test.girl-core-animationTests";
				PRODUCT_NAME = "$(TARGET_NAME)";
				SWIFT_VERSION = 3.0;
				TEST_HOST = "$(BUILT_PRODUCTS_DIR)/girl core animation.app/girl core animation";
			};
			name = Debug;
		};
		D214B0AF218757D600866CCE /* Release */ = {
			isa = XCBuildConfiguration;
			buildSettings = {
				ALWAYS_EMBED_SWIFT_STANDARD_LIBRARIES = YES;
				BUNDLE_LOADER = "$(TEST_HOST)";
				INFOPLIST_FILE = "girl core animationTests/Info.plist";
				LD_RUNPATH_SEARCH_PATHS = "$(inherited) @executable_path/Frameworks @loader_path/Frameworks";
				PRODUCT_BUNDLE_IDENTIFIER = "com.test.girl-core-animationTests";
				PRODUCT_NAME = "$(TARGET_NAME)";
				SWIFT_VERSION = 3.0;
				TEST_HOST = "$(BUILT_PRODUCTS_DIR)/girl core animation.app/girl core animation";
			};
			name = Release;
		};
		D214B0B1218757D600866CCE /* Debug */ = {
			isa = XCBuildConfiguration;
			buildSettings = {
				ALWAYS_EMBED_SWIFT_STANDARD_LIBRARIES = YES;
				INFOPLIST_FILE = "girl core animationUITests/Info.plist";
				LD_RUNPATH_SEARCH_PATHS = "$(inherited) @executable_path/Frameworks @loader_path/Frameworks";
				PRODUCT_BUNDLE_IDENTIFIER = "com.test.girl-core-animationUITests";
				PRODUCT_NAME = "$(TARGET_NAME)";
				SWIFT_VERSION = 3.0;
				TEST_TARGET_NAME = "girl core animation";
			};
			name = Debug;
		};
		D214B0B2218757D600866CCE /* Release */ = {
			isa = XCBuildConfiguration;
			buildSettings = {
				ALWAYS_EMBED_SWIFT_STANDARD_LIBRARIES = YES;
				INFOPLIST_FILE = "girl core animationUITests/Info.plist";
				LD_RUNPATH_SEARCH_PATHS = "$(inherited) @executable_path/Frameworks @loader_path/Frameworks";
				PRODUCT_BUNDLE_IDENTIFIER = "com.test.girl-core-animationUITests";
				PRODUCT_NAME = "$(TARGET_NAME)";
				SWIFT_VERSION = 3.0;
				TEST_TARGET_NAME = "girl core animation";
			};
			name = Release;
		};
/* End XCBuildConfiguration section */

/* Begin XCConfigurationList section */
		D214B07D218757D600866CCE /* Build configuration list for PBXProject "girl core animation" */ = {
			isa = XCConfigurationList;
			buildConfigurations = (
				D214B0A8218757D600866CCE /* Debug */,
				D214B0A9218757D600866CCE /* Release */,
			);
			defaultConfigurationIsVisible = 0;
			defaultConfigurationName = Release;
		};
		D214B0AA218757D600866CCE /* Build configuration list for PBXNativeTarget "girl core animation" */ = {
			isa = XCConfigurationList;
			buildConfigurations = (
				D214B0AB218757D600866CCE /* Debug */,
				D214B0AC218757D600866CCE /* Release */,
			);
			defaultConfigurationIsVisible = 0;
		};
		D214B0AD218757D600866CCE /* Build configuration list for PBXNativeTarget "girl core animationTests" */ = {
			isa = XCConfigurationList;
			buildConfigurations = (
				D214B0AE218757D600866CCE /* Debug */,
				D214B0AF218757D600866CCE /* Release */,
			);
			defaultConfigurationIsVisible = 0;
		};
		D214B0B0218757D600866CCE /* Build configuration list for PBXNativeTarget "girl core animationUITests" */ = {
			isa = XCConfigurationList;
			buildConfigurations = (
				D214B0B1218757D600866CCE /* Debug */,
				D214B0B2218757D600866CCE /* Release */,
			);
			defaultConfigurationIsVisible = 0;
		};
/* End XCConfigurationList section */
	};
	rootObject = D214B07A218757D600866CCE /* Project object */;
}
